
Microsoft Visual Studio Solution File, Format Version 12.00
# Visual Studio 15
VisualStudioVersion = 15.0.28307.1401
MinimumVisualStudioVersion = 10.0.40219.1
Project("{FAE04EC0-301F-11D3-BF4B-00C04F79EFBC}") = "ticketSales", "ticketSales\ticketSales.csproj", "{4684349E-D967-48B0-9361-FB64571F4970}"
EndProject
Global
	GlobalSection(SolutionConfigurationPlatforms) = preSolution
		Debug|Any CPU = Debug|Any CPU
		Release|Any CPU = Release|Any CPU
	EndGlobalSection
	GlobalSection(ProjectConfigurationPlatforms) = postSolution
		{4684349E-D967-48B0-9361-FB64571F4970}.Debug|Any CPU.ActiveCfg = Debug|Any CPU
		{4684349E-D967-48B0-9361-FB64571F4970}.Debug|Any CPU.Build.0 = Debug|Any CPU
		{4684349E-D967-48B0-9361-FB64571F4970}.Release|Any CPU.ActiveCfg = Release|Any CPU
		{4684349E-D967-48B0-9361-FB64571F4970}.Release|Any CPU.Build.0 = Release|Any CPU
	EndGlobalSection
	GlobalSection(SolutionProperties) = preSolution
		HideSolutionNode = FALSE
	EndGlobalSection
	GlobalSection(ExtensibilityGlobals) = postSolution
		SolutionGuid = {8572DE45-A4E6-4AFB-ABF0-D0D33C444B0E}
	EndGlobalSection
EndGlobal
